
Microsoft Visual Studio Solution File, Format Version 12.00
Project("{FAE04EC0-301F-11D3-BF4B-00C04F79EFBC}") = "hicharp", "hicharp\hicharp.csproj", "{D043208E-8FD6-4B89-8AAE-F3F98D202B48}"
EndProject
Project("{FAE04EC0-301F-11D3-BF4B-00C04F79EFBC}") = "ConsoleApp1", "ConsoleApp1\ConsoleApp1.csproj", "{160D92F5-9AD3-4854-8D70-AB6419175FDD}"
EndProject
Project("{FAE04EC0-301F-11D3-BF4B-00C04F79EFBC}") = "ConsoleApp2", "ConsoleApp2\ConsoleApp2.csproj", "{92F2CBCD-D75E-45B0-9C55-D50139E488CD}"
EndProject
Project("{FAE04EC0-301F-11D3-BF4B-00C04F79EFBC}") = "ConsoleApp3", "ConsoleApp3\ConsoleApp3.csproj", "{2BD95A64-94C1-4262-9821-E0B4DA91B26A}"
EndProject
Project("{FAE04EC0-301F-11D3-BF4B-00C04F79EFBC}") = "ConsoleApp4", "ConsoleApp4\ConsoleApp4.csproj", "{650DD461-0B6A-43F5-93BB-8B7BB5804B74}"
EndProject
Project("{FAE04EC0-301F-11D3-BF4B-00C04F79EFBC}") = "ConsoleApp5", "ConsoleApp5\ConsoleApp5.csproj", "{A46A69EE-876E-4A25-9F8A-AFCFF598AD08}"
EndProject
Project("{FAE04EC0-301F-11D3-BF4B-00C04F79EFBC}") = "ConsoleApp6", "ConsoleApp6\ConsoleApp6.csproj", "{A8E6E6C0-FF60-4204-B199-7DC57DF02A30}"
EndProject
Project("{FAE04EC0-301F-11D3-BF4B-00C04F79EFBC}") = "ConsoleApp7", "ConsoleApp7\ConsoleApp7.csproj", "{68AE323E-7989-4081-B3FB-650A405DCE0D}"
EndProject
Project("{FAE04EC0-301F-11D3-BF4B-00C04F79EFBC}") = "ConsoleApp8", "ConsoleApp8\ConsoleApp8.csproj", "{2AE7478C-3C16-4C28-895D-1A85875F3440}"
EndProject
Project("{FAE04EC0-301F-11D3-BF4B-00C04F79EFBC}") = "ConsoleApp9", "ConsoleApp9\ConsoleApp9.csproj", "{162A1396-347A-4720-9055-ADDEB75D3A6B}"
EndProject
Project("{FAE04EC0-301F-11D3-BF4B-00C04F79EFBC}") = "ConsoleApp10", "ConsoleApp10\ConsoleApp10.csproj", "{8CBBAD98-89EF-49A1-8BD3-4C83EADF9B88}"
EndProject
Project("{FAE04EC0-301F-11D3-BF4B-00C04F79EFBC}") = "ConsoleApp11", "ConsoleApp11\ConsoleApp11.csproj", "{30FD9E43-6F67-4AC1-AD56-DBE384618D03}"
EndProject
Project("{FAE04EC0-301F-11D3-BF4B-00C04F79EFBC}") = "ConsoleApp12", "ConsoleApp12\ConsoleApp12.csproj", "{748F327A-4D6B-4B96-8A46-D6CBADFA6C34}"
EndProject
Project("{FAE04EC0-301F-11D3-BF4B-00C04F79EFBC}") = "ConsoleApp13", "ConsoleApp13\ConsoleApp13.csproj", "{26C06C29-A4E6-49D2-A4F5-B208853A6B12}"
EndProject
Project("{FAE04EC0-301F-11D3-BF4B-00C04F79EFBC}") = "ConsoleApp14", "ConsoleApp14\ConsoleApp14.csproj", "{26D49BBD-6269-4976-A3F7-1F9DC201D817}"
EndProject
Project("{FAE04EC0-301F-11D3-BF4B-00C04F79EFBC}") = "ConsoleApp15", "ConsoleApp15\ConsoleApp15.csproj", "{6497DB64-0E6B-491C-9A16-A745C8C7B78F}"
EndProject
Project("{FAE04EC0-301F-11D3-BF4B-00C04F79EFBC}") = "ConsoleApp16", "ConsoleApp16\ConsoleApp16.csproj", "{2E5B84FF-7A1E-4230-ADDF-871E1A05F674}"
EndProject
Project("{FAE04EC0-301F-11D3-BF4B-00C04F79EFBC}") = "ConsoleApp17", "ConsoleApp17\ConsoleApp17.csproj", "{C14C6986-9A84-4898-9237-5C7A673F0E0E}"
EndProject
Project("{FAE04EC0-301F-11D3-BF4B-00C04F79EFBC}") = "ConsoleApp18", "ConsoleApp18\ConsoleApp18.csproj", "{00B76846-4163-4701-BDB2-4A97177EB9DA}"
EndProject
Project("{FAE04EC0-301F-11D3-BF4B-00C04F79EFBC}") = "ConsoleApp19", "ConsoleApp19\ConsoleApp19.csproj", "{333EB4EE-6E45-4802-B27D-5E9D53EEC2BA}"
EndProject
Project("{FAE04EC0-301F-11D3-BF4B-00C04F79EFBC}") = "ConsoleApp20", "ConsoleApp20\ConsoleApp20.csproj", "{403B715D-060E-41CA-A3F3-D867D9BFB052}"
EndProject
Project("{FAE04EC0-301F-11D3-BF4B-00C04F79EFBC}") = "ConsoleApp21", "ConsoleApp21\ConsoleApp21.csproj", "{DCAD981B-1D17-47CE-BCA6-E9A6ED4EC2A4}"
EndProject
Global
	GlobalSection(SolutionConfigurationPlatforms) = preSolution
		Debug|Any CPU = Debug|Any CPU
		Release|Any CPU = Release|Any CPU
	EndGlobalSection
	GlobalSection(ProjectConfigurationPlatforms) = postSolution
		{D043208E-8FD6-4B89-8AAE-F3F98D202B48}.Debug|Any CPU.ActiveCfg = Debug|Any CPU
		{D043208E-8FD6-4B89-8AAE-F3F98D202B48}.Debug|Any CPU.Build.0 = Debug|Any CPU
		{D043208E-8FD6-4B89-8AAE-F3F98D202B48}.Release|Any CPU.ActiveCfg = Release|Any CPU
		{D043208E-8FD6-4B89-8AAE-F3F98D202B48}.Release|Any CPU.Build.0 = Release|Any CPU
		{160D92F5-9AD3-4854-8D70-AB6419175FDD}.Debug|Any CPU.ActiveCfg = Debug|Any CPU
		{160D92F5-9AD3-4854-8D70-AB6419175FDD}.Debug|Any CPU.Build.0 = Debug|Any CPU
		{160D92F5-9AD3-4854-8D70-AB6419175FDD}.Release|Any CPU.ActiveCfg = Release|Any CPU
		{160D92F5-9AD3-4854-8D70-AB6419175FDD}.Release|Any CPU.Build.0 = Release|Any CPU
		{92F2CBCD-D75E-45B0-9C55-D50139E488CD}.Debug|Any CPU.ActiveCfg = Debug|Any CPU
		{92F2CBCD-D75E-45B0-9C55-D50139E488CD}.Debug|Any CPU.Build.0 = Debug|Any CPU
		{92F2CBCD-D75E-45B0-9C55-D50139E488CD}.Release|Any CPU.ActiveCfg = Release|Any CPU
		{92F2CBCD-D75E-45B0-9C55-D50139E488CD}.Release|Any CPU.Build.0 = Release|Any CPU
		{2BD95A64-94C1-4262-9821-E0B4DA91B26A}.Debug|Any CPU.ActiveCfg = Debug|Any CPU
		{2BD95A64-94C1-4262-9821-E0B4DA91B26A}.Debug|Any CPU.Build.0 = Debug|Any CPU
		{2BD95A64-94C1-4262-9821-E0B4DA91B26A}.Release|Any CPU.ActiveCfg = Release|Any CPU
		{2BD95A64-94C1-4262-9821-E0B4DA91B26A}.Release|Any CPU.Build.0 = Release|Any CPU
		{650DD461-0B6A-43F5-93BB-8B7BB5804B74}.Debug|Any CPU.ActiveCfg = Debug|Any CPU
		{650DD461-0B6A-43F5-93BB-8B7BB5804B74}.Debug|Any CPU.Build.0 = Debug|Any CPU
		{650DD461-0B6A-43F5-93BB-8B7BB5804B74}.Release|Any CPU.ActiveCfg = Release|Any CPU
		{650DD461-0B6A-43F5-93BB-8B7BB5804B74}.Release|Any CPU.Build.0 = Release|Any CPU
		{A46A69EE-876E-4A25-9F8A-AFCFF598AD08}.Debug|Any CPU.ActiveCfg = Debug|Any CPU
		{A46A69EE-876E-4A25-9F8A-AFCFF598AD08}.Debug|Any CPU.Build.0 = Debug|Any CPU
		{A46A69EE-876E-4A25-9F8A-AFCFF598AD08}.Release|Any CPU.ActiveCfg = Release|Any CPU
		{A46A69EE-876E-4A25-9F8A-AFCFF598AD08}.Release|Any CPU.Build.0 = Release|Any CPU
		{A8E6E6C0-FF60-4204-B199-7DC57DF02A30}.Debug|Any CPU.ActiveCfg = Debug|Any CPU
		{A8E6E6C0-FF60-4204-B199-7DC57DF02A30}.Debug|Any CPU.Build.0 = Debug|Any CPU
		{A8E6E6C0-FF60-4204-B199-7DC57DF02A30}.Release|Any CPU.ActiveCfg = Release|Any CPU
		{A8E6E6C0-FF60-4204-B199-7DC57DF02A30}.Release|Any CPU.Build.0 = Release|Any CPU
		{68AE323E-7989-4081-B3FB-650A405DCE0D}.Debug|Any CPU.ActiveCfg = Debug|Any CPU
		{68AE323E-7989-4081-B3FB-650A405DCE0D}.Debug|Any CPU.Build.0 = Debug|Any CPU
		{68AE323E-7989-4081-B3FB-650A405DCE0D}.Release|Any CPU.ActiveCfg = Release|Any CPU
		{68AE323E-7989-4081-B3FB-650A405DCE0D}.Release|Any CPU.Build.0 = Release|Any CPU
		{2AE7478C-3C16-4C28-895D-1A85875F3440}.Debug|Any CPU.ActiveCfg = Debug|Any CPU
		{2AE7478C-3C16-4C28-895D-1A85875F3440}.Debug|Any CPU.Build.0 = Debug|Any CPU
		{2AE7478C-3C16-4C28-895D-1A85875F3440}.Release|Any CPU.ActiveCfg = Release|Any CPU
		{2AE7478C-3C16-4C28-895D-1A85875F3440}.Release|Any CPU.Build.0 = Release|Any CPU
		{162A1396-347A-4720-9055-ADDEB75D3A6B}.Debug|Any CPU.ActiveCfg = Debug|Any CPU
		{162A1396-347A-4720-9055-ADDEB75D3A6B}.Debug|Any CPU.Build.0 = Debug|Any CPU
		{162A1396-347A-4720-9055-ADDEB75D3A6B}.Release|Any CPU.ActiveCfg = Release|Any CPU
		{162A1396-347A-4720-9055-ADDEB75D3A6B}.Release|Any CPU.Build.0 = Release|Any CPU
		{8CBBAD98-89EF-49A1-8BD3-4C83EADF9B88}.Debug|Any CPU.ActiveCfg = Debug|Any CPU
		{8CBBAD98-89EF-49A1-8BD3-4C83EADF9B88}.Debug|Any CPU.Build.0 = Debug|Any CPU
		{8CBBAD98-89EF-49A1-8BD3-4C83EADF9B88}.Release|Any CPU.ActiveCfg = Release|Any CPU
		{8CBBAD98-89EF-49A1-8BD3-4C83EADF9B88}.Release|Any CPU.Build.0 = Release|Any CPU
		{30FD9E43-6F67-4AC1-AD56-DBE384618D03}.Debug|Any CPU.ActiveCfg = Debug|Any CPU
		{30FD9E43-6F67-4AC1-AD56-DBE384618D03}.Debug|Any CPU.Build.0 = Debug|Any CPU
		{30FD9E43-6F67-4AC1-AD56-DBE384618D03}.Release|Any CPU.ActiveCfg = Release|Any CPU
		{30FD9E43-6F67-4AC1-AD56-DBE384618D03}.Release|Any CPU.Build.0 = Release|Any CPU
		{748F327A-4D6B-4B96-8A46-D6CBADFA6C34}.Debug|Any CPU.ActiveCfg = Debug|Any CPU
		{748F327A-4D6B-4B96-8A46-D6CBADFA6C34}.Debug|Any CPU.Build.0 = Debug|Any CPU
		{748F327A-4D6B-4B96-8A46-D6CBADFA6C34}.Release|Any CPU.ActiveCfg = Release|Any CPU
		{748F327A-4D6B-4B96-8A46-D6CBADFA6C34}.Release|Any CPU.Build.0 = Release|Any CPU
		{26C06C29-A4E6-49D2-A4F5-B208853A6B12}.Debug|Any CPU.ActiveCfg = Debug|Any CPU
		{26C06C29-A4E6-49D2-A4F5-B208853A6B12}.Debug|Any CPU.Build.0 = Debug|Any CPU
		{26C06C29-A4E6-49D2-A4F5-B208853A6B12}.Release|Any CPU.ActiveCfg = Release|Any CPU
		{26C06C29-A4E6-49D2-A4F5-B208853A6B12}.Release|Any CPU.Build.0 = Release|Any CPU
		{26D49BBD-6269-4976-A3F7-1F9DC201D817}.Debug|Any CPU.ActiveCfg = Debug|Any CPU
		{26D49BBD-6269-4976-A3F7-1F9DC201D817}.Debug|Any CPU.Build.0 = Debug|Any CPU
		{26D49BBD-6269-4976-A3F7-1F9DC201D817}.Release|Any CPU.ActiveCfg = Release|Any CPU
		{26D49BBD-6269-4976-A3F7-1F9DC201D817}.Release|Any CPU.Build.0 = Release|Any CPU
		{6497DB64-0E6B-491C-9A16-A745C8C7B78F}.Debug|Any CPU.ActiveCfg = Debug|Any CPU
		{6497DB64-0E6B-491C-9A16-A745C8C7B78F}.Debug|Any CPU.Build.0 = Debug|Any CPU
		{6497DB64-0E6B-491C-9A16-A745C8C7B78F}.Release|Any CPU.ActiveCfg = Release|Any CPU
		{6497DB64-0E6B-491C-9A16-A745C8C7B78F}.Release|Any CPU.Build.0 = Release|Any CPU
		{2E5B84FF-7A1E-4230-ADDF-871E1A05F674}.Debug|Any CPU.ActiveCfg = Debug|Any CPU
		{2E5B84FF-7A1E-4230-ADDF-871E1A05F674}.Debug|Any CPU.Build.0 = Debug|Any CPU
		{2E5B84FF-7A1E-4230-ADDF-871E1A05F674}.Release|Any CPU.ActiveCfg = Release|Any CPU
		{2E5B84FF-7A1E-4230-ADDF-871E1A05F674}.Release|Any CPU.Build.0 = Release|Any CPU
		{C14C6986-9A84-4898-9237-5C7A673F0E0E}.Debug|Any CPU.ActiveCfg = Debug|Any CPU
		{C14C6986-9A84-4898-9237-5C7A673F0E0E}.Debug|Any CPU.Build.0 = Debug|Any CPU
		{C14C6986-9A84-4898-9237-5C7A673F0E0E}.Release|Any CPU.ActiveCfg = Release|Any CPU
		{C14C6986-9A84-4898-9237-5C7A673F0E0E}.Release|Any CPU.Build.0 = Release|Any CPU
		{00B76846-4163-4701-BDB2-4A97177EB9DA}.Debug|Any CPU.ActiveCfg = Debug|Any CPU
		{00B76846-4163-4701-BDB2-4A97177EB9DA}.Debug|Any CPU.Build.0 = Debug|Any CPU
		{00B76846-4163-4701-BDB2-4A97177EB9DA}.Release|Any CPU.ActiveCfg = Release|Any CPU
		{00B76846-4163-4701-BDB2-4A97177EB9DA}.Release|Any CPU.Build.0 = Release|Any CPU
		{333EB4EE-6E45-4802-B27D-5E9D53EEC2BA}.Debug|Any CPU.ActiveCfg = Debug|Any CPU
		{333EB4EE-6E45-4802-B27D-5E9D53EEC2BA}.Debug|Any CPU.Build.0 = Debug|Any CPU
		{333EB4EE-6E45-4802-B27D-5E9D53EEC2BA}.Release|Any CPU.ActiveCfg = Release|Any CPU
		{333EB4EE-6E45-4802-B27D-5E9D53EEC2BA}.Release|Any CPU.Build.0 = Release|Any CPU
		{403B715D-060E-41CA-A3F3-D867D9BFB052}.Debug|Any CPU.ActiveCfg = Debug|Any CPU
		{403B715D-060E-41CA-A3F3-D867D9BFB052}.Debug|Any CPU.Build.0 = Debug|Any CPU
		{403B715D-060E-41CA-A3F3-D867D9BFB052}.Release|Any CPU.ActiveCfg = Release|Any CPU
		{403B715D-060E-41CA-A3F3-D867D9BFB052}.Release|Any CPU.Build.0 = Release|Any CPU
		{DCAD981B-1D17-47CE-BCA6-E9A6ED4EC2A4}.Debug|Any CPU.ActiveCfg = Debug|Any CPU
		{DCAD981B-1D17-47CE-BCA6-E9A6ED4EC2A4}.Debug|Any CPU.Build.0 = Debug|Any CPU
		{DCAD981B-1D17-47CE-BCA6-E9A6ED4EC2A4}.Release|Any CPU.ActiveCfg = Release|Any CPU
		{DCAD981B-1D17-47CE-BCA6-E9A6ED4EC2A4}.Release|Any CPU.Build.0 = Release|Any CPU
	EndGlobalSection
EndGlobal
